
Microsoft Visual Studio Solution File, Format Version 12.00
# Visual Studio 14
VisualStudioVersion = 14.0.25420.1
MinimumVisualStudioVersion = 10.0.40219.1
Project("{FAE04EC0-301F-11D3-BF4B-00C04F79EFBC}") = "XamarinFormsProject", "XamarinFormsProject\XamarinFormsProject\XamarinFormsProject.csproj", "{23E158A7-27BE-4565-B118-6E9D3E6189F1}"
EndProject
Project("{FAE04EC0-301F-11D3-BF4B-00C04F79EFBC}") = "XamarinFormsProject.Droid", "XamarinFormsProject\XamarinFormsProject.Droid\XamarinFormsProject.Droid.csproj", "{3B8D62FE-7B66-451B-9A6B-58FA1CDE1482}"
EndProject
Project("{FAE04EC0-301F-11D3-BF4B-00C04F79EFBC}") = "XamarinFormsProject.iOS", "XamarinFormsProject\XamarinFormsProject.iOS\XamarinFormsProject.iOS.csproj", "{BE444BDA-CB26-4C26-8506-CE6AA4808FC9}"
EndProject
Project("{FAE04EC0-301F-11D3-BF4B-00C04F79EFBC}") = "XamarinFormsProject.WinPhone", "XamarinFormsProject\XamarinFormsProject.WinPhone\XamarinFormsProject.WinPhone.csproj", "{951D0790-AA6C-4C29-B631-20BE00A10D3A}"
EndProject
Project("{FAE04EC0-301F-11D3-BF4B-00C04F79EFBC}") = "XamarinFormsProject.UWP", "XamarinFormsProject\XamarinFormsProject.UWP\XamarinFormsProject.UWP.csproj", "{E039FE0C-53A8-41CD-A86E-DC517A1959A9}"
EndProject
Project("{FAE04EC0-301F-11D3-BF4B-00C04F79EFBC}") = "XamarinFormsProject.Windows", "XamarinFormsProject\XamarinFormsProject.Windows\XamarinFormsProject.Windows.csproj", "{532DD750-34DF-41AA-A396-2010889B2AAE}"
EndProject
Global
	GlobalSection(SolutionConfigurationPlatforms) = preSolution
		Ad-Hoc|Any CPU = Ad-Hoc|Any CPU
		Ad-Hoc|ARM = Ad-Hoc|ARM
		Ad-Hoc|iPhone = Ad-Hoc|iPhone
		Ad-Hoc|iPhoneSimulator = Ad-Hoc|iPhoneSimulator
		Ad-Hoc|x64 = Ad-Hoc|x64
		Ad-Hoc|x86 = Ad-Hoc|x86
		AppStore|Any CPU = AppStore|Any CPU
		AppStore|ARM = AppStore|ARM
		AppStore|iPhone = AppStore|iPhone
		AppStore|iPhoneSimulator = AppStore|iPhoneSimulator
		AppStore|x64 = AppStore|x64
		AppStore|x86 = AppStore|x86
		Debug|Any CPU = Debug|Any CPU
		Debug|ARM = Debug|ARM
		Debug|iPhone = Debug|iPhone
		Debug|iPhoneSimulator = Debug|iPhoneSimulator
		Debug|x64 = Debug|x64
		Debug|x86 = Debug|x86
		Release|Any CPU = Release|Any CPU
		Release|ARM = Release|ARM
		Release|iPhone = Release|iPhone
		Release|iPhoneSimulator = Release|iPhoneSimulator
		Release|x64 = Release|x64
		Release|x86 = Release|x86
	EndGlobalSection
	GlobalSection(ProjectConfigurationPlatforms) = postSolution
		{23E158A7-27BE-4565-B118-6E9D3E6189F1}.Ad-Hoc|Any CPU.ActiveCfg = Release|Any CPU
		{23E158A7-27BE-4565-B118-6E9D3E6189F1}.Ad-Hoc|Any CPU.Build.0 = Release|Any CPU
		{23E158A7-27BE-4565-B118-6E9D3E6189F1}.Ad-Hoc|ARM.ActiveCfg = Release|Any CPU
		{23E158A7-27BE-4565-B118-6E9D3E6189F1}.Ad-Hoc|ARM.Build.0 = Release|Any CPU
		{23E158A7-27BE-4565-B118-6E9D3E6189F1}.Ad-Hoc|iPhone.ActiveCfg = Release|Any CPU
		{23E158A7-27BE-4565-B118-6E9D3E6189F1}.Ad-Hoc|iPhone.Build.0 = Release|Any CPU
		{23E158A7-27BE-4565-B118-6E9D3E6189F1}.Ad-Hoc|iPhoneSimulator.ActiveCfg = Release|Any CPU
		{23E158A7-27BE-4565-B118-6E9D3E6189F1}.Ad-Hoc|iPhoneSimulator.Build.0 = Release|Any CPU
		{23E158A7-27BE-4565-B118-6E9D3E6189F1}.Ad-Hoc|x64.ActiveCfg = Release|Any CPU
		{23E158A7-27BE-4565-B118-6E9D3E6189F1}.Ad-Hoc|x64.Build.0 = Release|Any CPU
		{23E158A7-27BE-4565-B118-6E9D3E6189F1}.Ad-Hoc|x86.ActiveCfg = Release|Any CPU
		{23E158A7-27BE-4565-B118-6E9D3E6189F1}.Ad-Hoc|x86.Build.0 = Release|Any CPU
		{23E158A7-27BE-4565-B118-6E9D3E6189F1}.AppStore|Any CPU.ActiveCfg = Release|Any CPU
		{23E158A7-27BE-4565-B118-6E9D3E6189F1}.AppStore|Any CPU.Build.0 = Release|Any CPU
		{23E158A7-27BE-4565-B118-6E9D3E6189F1}.AppStore|ARM.ActiveCfg = Release|Any CPU
		{23E158A7-27BE-4565-B118-6E9D3E6189F1}.AppStore|ARM.Build.0 = Release|Any CPU
		{23E158A7-27BE-4565-B118-6E9D3E6189F1}.AppStore|iPhone.ActiveCfg = Release|Any CPU
		{23E158A7-27BE-4565-B118-6E9D3E6189F1}.AppStore|iPhone.Build.0 = Release|Any CPU
		{23E158A7-27BE-4565-B118-6E9D3E6189F1}.AppStore|iPhoneSimulator.ActiveCfg = Release|Any CPU
		{23E158A7-27BE-4565-B118-6E9D3E6189F1}.AppStore|iPhoneSimulator.Build.0 = Release|Any CPU
		{23E158A7-27BE-4565-B118-6E9D3E6189F1}.AppStore|x64.ActiveCfg = Release|Any CPU
		{23E158A7-27BE-4565-B118-6E9D3E6189F1}.AppStore|x64.Build.0 = Release|Any CPU
		{23E158A7-27BE-4565-B118-6E9D3E6189F1}.AppStore|x86.ActiveCfg = Release|Any CPU
		{23E158A7-27BE-4565-B118-6E9D3E6189F1}.AppStore|x86.Build.0 = Release|Any CPU
		{23E158A7-27BE-4565-B118-6E9D3E6189F1}.Debug|Any CPU.ActiveCfg = Debug|Any CPU
		{23E158A7-27BE-4565-B118-6E9D3E6189F1}.Debug|Any CPU.Build.0 = Debug|Any CPU
		{23E158A7-27BE-4565-B118-6E9D3E6189F1}.Debug|ARM.ActiveCfg = Debug|Any CPU
		{23E158A7-27BE-4565-B118-6E9D3E6189F1}.Debug|ARM.Build.0 = Debug|Any CPU
		{23E158A7-27BE-4565-B118-6E9D3E6189F1}.Debug|iPhone.ActiveCfg = Debug|Any CPU
		{23E158A7-27BE-4565-B118-6E9D3E6189F1}.Debug|iPhone.Build.0 = Debug|Any CPU
		{23E158A7-27BE-4565-B118-6E9D3E6189F1}.Debug|iPhoneSimulator.ActiveCfg = Debug|Any CPU
		{23E158A7-27BE-4565-B118-6E9D3E6189F1}.Debug|iPhoneSimulator.Build.0 = Debug|Any CPU
		{23E158A7-27BE-4565-B118-6E9D3E6189F1}.Debug|x64.ActiveCfg = Debug|Any CPU
		{23E158A7-27BE-4565-B118-6E9D3E6189F1}.Debug|x64.Build.0 = Debug|Any CPU
		{23E158A7-27BE-4565-B118-6E9D3E6189F1}.Debug|x86.ActiveCfg = Debug|Any CPU
		{23E158A7-27BE-4565-B118-6E9D3E6189F1}.Debug|x86.Build.0 = Debug|Any CPU
		{23E158A7-27BE-4565-B118-6E9D3E6189F1}.Release|Any CPU.ActiveCfg = Release|Any CPU
		{23E158A7-27BE-4565-B118-6E9D3E6189F1}.Release|Any CPU.Build.0 = Release|Any CPU
		{23E158A7-27BE-4565-B118-6E9D3E6189F1}.Release|ARM.ActiveCfg = Release|Any CPU
		{23E158A7-27BE-4565-B118-6E9D3E6189F1}.Release|ARM.Build.0 = Release|Any CPU
		{23E158A7-27BE-4565-B118-6E9D3E6189F1}.Release|iPhone.ActiveCfg = Release|Any CPU
		{23E158A7-27BE-4565-B118-6E9D3E6189F1}.Release|iPhone.Build.0 = Release|Any CPU
		{23E158A7-27BE-4565-B118-6E9D3E6189F1}.Release|iPhoneSimulator.ActiveCfg = Release|Any CPU
		{23E158A7-27BE-4565-B118-6E9D3E6189F1}.Release|iPhoneSimulator.Build.0 = Release|Any CPU
		{23E158A7-27BE-4565-B118-6E9D3E6189F1}.Release|x64.ActiveCfg = Release|Any CPU
		{23E158A7-27BE-4565-B118-6E9D3E6189F1}.Release|x64.Build.0 = Release|Any CPU
		{23E158A7-27BE-4565-B118-6E9D3E6189F1}.Release|x86.ActiveCfg = Release|Any CPU
		{23E158A7-27BE-4565-B118-6E9D3E6189F1}.Release|x86.Build.0 = Release|Any CPU
		{3B8D62FE-7B66-451B-9A6B-58FA1CDE1482}.Ad-Hoc|Any CPU.ActiveCfg = Release|Any CPU
		{3B8D62FE-7B66-451B-9A6B-58FA1CDE1482}.Ad-Hoc|Any CPU.Build.0 = Release|Any CPU
		{3B8D62FE-7B66-451B-9A6B-58FA1CDE1482}.Ad-Hoc|Any CPU.Deploy.0 = Release|Any CPU
		{3B8D62FE-7B66-451B-9A6B-58FA1CDE1482}.Ad-Hoc|ARM.ActiveCfg = Release|Any CPU
		{3B8D62FE-7B66-451B-9A6B-58FA1CDE1482}.Ad-Hoc|ARM.Build.0 = Release|Any CPU
		{3B8D62FE-7B66-451B-9A6B-58FA1CDE1482}.Ad-Hoc|ARM.Deploy.0 = Release|Any CPU
		{3B8D62FE-7B66-451B-9A6B-58FA1CDE1482}.Ad-Hoc|iPhone.ActiveCfg = Release|Any CPU
		{3B8D62FE-7B66-451B-9A6B-58FA1CDE1482}.Ad-Hoc|iPhone.Build.0 = Release|Any CPU
		{3B8D62FE-7B66-451B-9A6B-58FA1CDE1482}.Ad-Hoc|iPhone.Deploy.0 = Release|Any CPU
		{3B8D62FE-7B66-451B-9A6B-58FA1CDE1482}.Ad-Hoc|iPhoneSimulator.ActiveCfg = Release|Any CPU
		{3B8D62FE-7B66-451B-9A6B-58FA1CDE1482}.Ad-Hoc|iPhoneSimulator.Build.0 = Release|Any CPU
		{3B8D62FE-7B66-451B-9A6B-58FA1CDE1482}.Ad-Hoc|iPhoneSimulator.Deploy.0 = Release|Any CPU
		{3B8D62FE-7B66-451B-9A6B-58FA1CDE1482}.Ad-Hoc|x64.ActiveCfg = Release|Any CPU
		{3B8D62FE-7B66-451B-9A6B-58FA1CDE1482}.Ad-Hoc|x64.Build.0 = Release|Any CPU
		{3B8D62FE-7B66-451B-9A6B-58FA1CDE1482}.Ad-Hoc|x64.Deploy.0 = Release|Any CPU
		{3B8D62FE-7B66-451B-9A6B-58FA1CDE1482}.Ad-Hoc|x86.ActiveCfg = Release|Any CPU
		{3B8D62FE-7B66-451B-9A6B-58FA1CDE1482}.Ad-Hoc|x86.Build.0 = Release|Any CPU
		{3B8D62FE-7B66-451B-9A6B-58FA1CDE1482}.Ad-Hoc|x86.Deploy.0 = Release|Any CPU
		{3B8D62FE-7B66-451B-9A6B-58FA1CDE1482}.AppStore|Any CPU.ActiveCfg = Release|Any CPU
		{3B8D62FE-7B66-451B-9A6B-58FA1CDE1482}.AppStore|Any CPU.Build.0 = Release|Any CPU
		{3B8D62FE-7B66-451B-9A6B-58FA1CDE1482}.AppStore|Any CPU.Deploy.0 = Release|Any CPU
		{3B8D62FE-7B66-451B-9A6B-58FA1CDE1482}.AppStore|ARM.ActiveCfg = Release|Any CPU
		{3B8D62FE-7B66-451B-9A6B-58FA1CDE1482}.AppStore|ARM.Build.0 = Release|Any CPU
		{3B8D62FE-7B66-451B-9A6B-58FA1CDE1482}.AppStore|ARM.Deploy.0 = Release|Any CPU
		{3B8D62FE-7B66-451B-9A6B-58FA1CDE1482}.AppStore|iPhone.ActiveCfg = Release|Any CPU
		{3B8D62FE-7B66-451B-9A6B-58FA1CDE1482}.AppStore|iPhone.Build.0 = Release|Any CPU
		{3B8D62FE-7B66-451B-9A6B-58FA1CDE1482}.AppStore|iPhone.Deploy.0 = Release|Any CPU
		{3B8D62FE-7B66-451B-9A6B-58FA1CDE1482}.AppStore|iPhoneSimulator.ActiveCfg = Release|Any CPU
		{3B8D62FE-7B66-451B-9A6B-58FA1CDE1482}.AppStore|iPhoneSimulator.Build.0 = Release|Any CPU
		{3B8D62FE-7B66-451B-9A6B-58FA1CDE1482}.AppStore|iPhoneSimulator.Deploy.0 = Release|Any CPU
		{3B8D62FE-7B66-451B-9A6B-58FA1CDE1482}.AppStore|x64.ActiveCfg = Release|Any CPU
		{3B8D62FE-7B66-451B-9A6B-58FA1CDE1482}.AppStore|x64.Build.0 = Release|Any CPU
		{3B8D62FE-7B66-451B-9A6B-58FA1CDE1482}.AppStore|x64.Deploy.0 = Release|Any CPU
		{3B8D62FE-7B66-451B-9A6B-58FA1CDE1482}.AppStore|x86.ActiveCfg = Release|Any CPU
		{3B8D62FE-7B66-451B-9A6B-58FA1CDE1482}.AppStore|x86.Build.0 = Release|Any CPU
		{3B8D62FE-7B66-451B-9A6B-58FA1CDE1482}.AppStore|x86.Deploy.0 = Release|Any CPU
		{3B8D62FE-7B66-451B-9A6B-58FA1CDE1482}.Debug|Any CPU.ActiveCfg = Debug|Any CPU
		{3B8D62FE-7B66-451B-9A6B-58FA1CDE1482}.Debug|Any CPU.Build.0 = Debug|Any CPU
		{3B8D62FE-7B66-451B-9A6B-58FA1CDE1482}.Debug|Any CPU.Deploy.0 = Debug|Any CPU
		{3B8D62FE-7B66-451B-9A6B-58FA1CDE1482}.Debug|ARM.ActiveCfg = Debug|Any CPU
		{3B8D62FE-7B66-451B-9A6B-58FA1CDE1482}.Debug|ARM.Build.0 = Debug|Any CPU
		{3B8D62FE-7B66-451B-9A6B-58FA1CDE1482}.Debug|ARM.Deploy.0 = Debug|Any CPU
		{3B8D62FE-7B66-451B-9A6B-58FA1CDE1482}.Debug|iPhone.ActiveCfg = Debug|Any CPU
		{3B8D62FE-7B66-451B-9A6B-58FA1CDE1482}.Debug|iPhone.Build.0 = Debug|Any CPU
		{3B8D62FE-7B66-451B-9A6B-58FA1CDE1482}.Debug|iPhone.Deploy.0 = Debug|Any CPU
		{3B8D62FE-7B66-451B-9A6B-58FA1CDE1482}.Debug|iPhoneSimulator.ActiveCfg = Debug|Any CPU
		{3B8D62FE-7B66-451B-9A6B-58FA1CDE1482}.Debug|iPhoneSimulator.Build.0 = Debug|Any CPU
		{3B8D62FE-7B66-451B-9A6B-58FA1CDE1482}.Debug|iPhoneSimulator.Deploy.0 = Debug|Any CPU
		{3B8D62FE-7B66-451B-9A6B-58FA1CDE1482}.Debug|x64.ActiveCfg = Debug|Any CPU
		{3B8D62FE-7B66-451B-9A6B-58FA1CDE1482}.Debug|x64.Build.0 = Debug|Any CPU
		{3B8D62FE-7B66-451B-9A6B-58FA1CDE1482}.Debug|x64.Deploy.0 = Debug|Any CPU
		{3B8D62FE-7B66-451B-9A6B-58FA1CDE1482}.Debug|x86.ActiveCfg = Debug|Any CPU
		{3B8D62FE-7B66-451B-9A6B-58FA1CDE1482}.Debug|x86.Build.0 = Debug|Any CPU
		{3B8D62FE-7B66-451B-9A6B-58FA1CDE1482}.Debug|x86.Deploy.0 = Debug|Any CPU
		{3B8D62FE-7B66-451B-9A6B-58FA1CDE1482}.Release|Any CPU.ActiveCfg = Release|Any CPU
		{3B8D62FE-7B66-451B-9A6B-58FA1CDE1482}.Release|Any CPU.Build.0 = Release|Any CPU
		{3B8D62FE-7B66-451B-9A6B-58FA1CDE1482}.Release|Any CPU.Deploy.0 = Release|Any CPU
		{3B8D62FE-7B66-451B-9A6B-58FA1CDE1482}.Release|ARM.ActiveCfg = Release|Any CPU
		{3B8D62FE-7B66-451B-9A6B-58FA1CDE1482}.Release|ARM.Build.0 = Release|Any CPU
		{3B8D62FE-7B66-451B-9A6B-58FA1CDE1482}.Release|ARM.Deploy.0 = Release|Any CPU
		{3B8D62FE-7B66-451B-9A6B-58FA1CDE1482}.Release|iPhone.ActiveCfg = Release|Any CPU
		{3B8D62FE-7B66-451B-9A6B-58FA1CDE1482}.Release|iPhone.Build.0 = Release|Any CPU
		{3B8D62FE-7B66-451B-9A6B-58FA1CDE1482}.Release|iPhone.Deploy.0 = Release|Any CPU
		{3B8D62FE-7B66-451B-9A6B-58FA1CDE1482}.Release|iPhoneSimulator.ActiveCfg = Release|Any CPU
		{3B8D62FE-7B66-451B-9A6B-58FA1CDE1482}.Release|iPhoneSimulator.Build.0 = Release|Any CPU
		{3B8D62FE-7B66-451B-9A6B-58FA1CDE1482}.Release|iPhoneSimulator.Deploy.0 = Release|Any CPU
		{3B8D62FE-7B66-451B-9A6B-58FA1CDE1482}.Release|x64.ActiveCfg = Release|Any CPU
		{3B8D62FE-7B66-451B-9A6B-58FA1CDE1482}.Release|x64.Build.0 = Release|Any CPU
		{3B8D62FE-7B66-451B-9A6B-58FA1CDE1482}.Release|x64.Deploy.0 = Release|Any CPU
		{3B8D62FE-7B66-451B-9A6B-58FA1CDE1482}.Release|x86.ActiveCfg = Release|Any CPU
		{3B8D62FE-7B66-451B-9A6B-58FA1CDE1482}.Release|x86.Build.0 = Release|Any CPU
		{3B8D62FE-7B66-451B-9A6B-58FA1CDE1482}.Release|x86.Deploy.0 = Release|Any CPU
		{BE444BDA-CB26-4C26-8506-CE6AA4808FC9}.Ad-Hoc|Any CPU.ActiveCfg = Ad-Hoc|iPhone
		{BE444BDA-CB26-4C26-8506-CE6AA4808FC9}.Ad-Hoc|ARM.ActiveCfg = Ad-Hoc|iPhone
		{BE444BDA-CB26-4C26-8506-CE6AA4808FC9}.Ad-Hoc|iPhone.ActiveCfg = Ad-Hoc|iPhone
		{BE444BDA-CB26-4C26-8506-CE6AA4808FC9}.Ad-Hoc|iPhone.Build.0 = Ad-Hoc|iPhone
		{BE444BDA-CB26-4C26-8506-CE6AA4808FC9}.Ad-Hoc|iPhoneSimulator.ActiveCfg = Ad-Hoc|iPhoneSimulator
		{BE444BDA-CB26-4C26-8506-CE6AA4808FC9}.Ad-Hoc|iPhoneSimulator.Build.0 = Ad-Hoc|iPhoneSimulator
		{BE444BDA-CB26-4C26-8506-CE6AA4808FC9}.Ad-Hoc|x64.ActiveCfg = Ad-Hoc|iPhone
		{BE444BDA-CB26-4C26-8506-CE6AA4808FC9}.Ad-Hoc|x86.ActiveCfg = Ad-Hoc|iPhone
		{BE444BDA-CB26-4C26-8506-CE6AA4808FC9}.AppStore|Any CPU.ActiveCfg = AppStore|iPhone
		{BE444BDA-CB26-4C26-8506-CE6AA4808FC9}.AppStore|ARM.ActiveCfg = AppStore|iPhone
		{BE444BDA-CB26-4C26-8506-CE6AA4808FC9}.AppStore|iPhone.ActiveCfg = AppStore|iPhone
		{BE444BDA-CB26-4C26-8506-CE6AA4808FC9}.AppStore|iPhone.Build.0 = AppStore|iPhone
		{BE444BDA-CB26-4C26-8506-CE6AA4808FC9}.AppStore|iPhoneSimulator.ActiveCfg = AppStore|iPhoneSimulator
		{BE444BDA-CB26-4C26-8506-CE6AA4808FC9}.AppStore|iPhoneSimulator.Build.0 = AppStore|iPhoneSimulator
		{BE444BDA-CB26-4C26-8506-CE6AA4808FC9}.AppStore|x64.ActiveCfg = AppStore|iPhone
		{BE444BDA-CB26-4C26-8506-CE6AA4808FC9}.AppStore|x86.ActiveCfg = AppStore|iPhone
		{BE444BDA-CB26-4C26-8506-CE6AA4808FC9}.Debug|Any CPU.ActiveCfg = Debug|iPhone
		{BE444BDA-CB26-4C26-8506-CE6AA4808FC9}.Debug|ARM.ActiveCfg = Debug|iPhone
		{BE444BDA-CB26-4C26-8506-CE6AA4808FC9}.Debug|iPhone.ActiveCfg = Debug|iPhone
		{BE444BDA-CB26-4C26-8506-CE6AA4808FC9}.Debug|iPhone.Build.0 = Debug|iPhone
		{BE444BDA-CB26-4C26-8506-CE6AA4808FC9}.Debug|iPhoneSimulator.ActiveCfg = Debug|iPhoneSimulator
		{BE444BDA-CB26-4C26-8506-CE6AA4808FC9}.Debug|iPhoneSimulator.Build.0 = Debug|iPhoneSimulator
		{BE444BDA-CB26-4C26-8506-CE6AA4808FC9}.Debug|x64.ActiveCfg = Debug|iPhone
		{BE444BDA-CB26-4C26-8506-CE6AA4808FC9}.Debug|x86.ActiveCfg = Debug|iPhone
		{BE444BDA-CB26-4C26-8506-CE6AA4808FC9}.Release|Any CPU.ActiveCfg = Release|iPhone
		{BE444BDA-CB26-4C26-8506-CE6AA4808FC9}.Release|ARM.ActiveCfg = Release|iPhone
		{BE444BDA-CB26-4C26-8506-CE6AA4808FC9}.Release|iPhone.ActiveCfg = Release|iPhone
		{BE444BDA-CB26-4C26-8506-CE6AA4808FC9}.Release|iPhone.Build.0 = Release|iPhone
		{BE444BDA-CB26-4C26-8506-CE6AA4808FC9}.Release|iPhoneSimulator.ActiveCfg = Release|iPhoneSimulator
		{BE444BDA-CB26-4C26-8506-CE6AA4808FC9}.Release|iPhoneSimulator.Build.0 = Release|iPhoneSimulator
		{BE444BDA-CB26-4C26-8506-CE6AA4808FC9}.Release|x64.ActiveCfg = Release|iPhone
		{BE444BDA-CB26-4C26-8506-CE6AA4808FC9}.Release|x86.ActiveCfg = Release|iPhone
		{951D0790-AA6C-4C29-B631-20BE00A10D3A}.Ad-Hoc|Any CPU.ActiveCfg = Release|Any CPU
		{951D0790-AA6C-4C29-B631-20BE00A10D3A}.Ad-Hoc|Any CPU.Build.0 = Release|Any CPU
		{951D0790-AA6C-4C29-B631-20BE00A10D3A}.Ad-Hoc|Any CPU.Deploy.0 = Release|Any CPU
		{951D0790-AA6C-4C29-B631-20BE00A10D3A}.Ad-Hoc|ARM.ActiveCfg = Release|ARM
		{951D0790-AA6C-4C29-B631-20BE00A10D3A}.Ad-Hoc|ARM.Build.0 = Release|ARM
		{951D0790-AA6C-4C29-B631-20BE00A10D3A}.Ad-Hoc|ARM.Deploy.0 = Release|ARM
		{951D0790-AA6C-4C29-B631-20BE00A10D3A}.Ad-Hoc|iPhone.ActiveCfg = Release|Any CPU
		{951D0790-AA6C-4C29-B631-20BE00A10D3A}.Ad-Hoc|iPhone.Build.0 = Release|Any CPU
		{951D0790-AA6C-4C29-B631-20BE00A10D3A}.Ad-Hoc|iPhone.Deploy.0 = Release|Any CPU
		{951D0790-AA6C-4C29-B631-20BE00A10D3A}.Ad-Hoc|iPhoneSimulator.ActiveCfg = Release|Any CPU
		{951D0790-AA6C-4C29-B631-20BE00A10D3A}.Ad-Hoc|iPhoneSimulator.Build.0 = Release|Any CPU
		{951D0790-AA6C-4C29-B631-20BE00A10D3A}.Ad-Hoc|iPhoneSimulator.Deploy.0 = Release|Any CPU
		{951D0790-AA6C-4C29-B631-20BE00A10D3A}.Ad-Hoc|x64.ActiveCfg = Release|Any CPU
		{951D0790-AA6C-4C29-B631-20BE00A10D3A}.Ad-Hoc|x64.Build.0 = Release|Any CPU
		{951D0790-AA6C-4C29-B631-20BE00A10D3A}.Ad-Hoc|x64.Deploy.0 = Release|Any CPU
		{951D0790-AA6C-4C29-B631-20BE00A10D3A}.Ad-Hoc|x86.ActiveCfg = Release|x86
		{951D0790-AA6C-4C29-B631-20BE00A10D3A}.Ad-Hoc|x86.Build.0 = Release|x86
		{951D0790-AA6C-4C29-B631-20BE00A10D3A}.Ad-Hoc|x86.Deploy.0 = Release|x86
		{951D0790-AA6C-4C29-B631-20BE00A10D3A}.AppStore|Any CPU.ActiveCfg = Release|Any CPU
		{951D0790-AA6C-4C29-B631-20BE00A10D3A}.AppStore|Any CPU.Build.0 = Release|Any CPU
		{951D0790-AA6C-4C29-B631-20BE00A10D3A}.AppStore|Any CPU.Deploy.0 = Release|Any CPU
		{951D0790-AA6C-4C29-B631-20BE00A10D3A}.AppStore|ARM.ActiveCfg = Release|ARM
		{951D0790-AA6C-4C29-B631-20BE00A10D3A}.AppStore|ARM.Build.0 = Release|ARM
		{951D0790-AA6C-4C29-B631-20BE00A10D3A}.AppStore|ARM.Deploy.0 = Release|ARM
		{951D0790-AA6C-4C29-B631-20BE00A10D3A}.AppStore|iPhone.ActiveCfg = Release|Any CPU
		{951D0790-AA6C-4C29-B631-20BE00A10D3A}.AppStore|iPhone.Build.0 = Release|Any CPU
		{951D0790-AA6C-4C29-B631-20BE00A10D3A}.AppStore|iPhone.Deploy.0 = Release|Any CPU
		{951D0790-AA6C-4C29-B631-20BE00A10D3A}.AppStore|iPhoneSimulator.ActiveCfg = Release|Any CPU
		{951D0790-AA6C-4C29-B631-20BE00A10D3A}.AppStore|iPhoneSimulator.Build.0 = Release|Any CPU
		{951D0790-AA6C-4C29-B631-20BE00A10D3A}.AppStore|iPhoneSimulator.Deploy.0 = Release|Any CPU
		{951D0790-AA6C-4C29-B631-20BE00A10D3A}.AppStore|x64.ActiveCfg = Release|Any CPU
		{951D0790-AA6C-4C29-B631-20BE00A10D3A}.AppStore|x64.Build.0 = Release|Any CPU
		{951D0790-AA6C-4C29-B631-20BE00A10D3A}.AppStore|x64.Deploy.0 = Release|Any CPU
		{951D0790-AA6C-4C29-B631-20BE00A10D3A}.AppStore|x86.ActiveCfg = Release|x86
		{951D0790-AA6C-4C29-B631-20BE00A10D3A}.AppStore|x86.Build.0 = Release|x86
		{951D0790-AA6C-4C29-B631-20BE00A10D3A}.AppStore|x86.Deploy.0 = Release|x86
		{951D0790-AA6C-4C29-B631-20BE00A10D3A}.Debug|Any CPU.ActiveCfg = Debug|Any CPU
		{951D0790-AA6C-4C29-B631-20BE00A10D3A}.Debug|Any CPU.Build.0 = Debug|Any CPU
		{951D0790-AA6C-4C29-B631-20BE00A10D3A}.Debug|Any CPU.Deploy.0 = Debug|Any CPU
		{951D0790-AA6C-4C29-B631-20BE00A10D3A}.Debug|ARM.ActiveCfg = Debug|ARM
		{951D0790-AA6C-4C29-B631-20BE00A10D3A}.Debug|ARM.Build.0 = Debug|ARM
		{951D0790-AA6C-4C29-B631-20BE00A10D3A}.Debug|ARM.Deploy.0 = Debug|ARM
		{951D0790-AA6C-4C29-B631-20BE00A10D3A}.Debug|iPhone.ActiveCfg = Debug|Any CPU
		{951D0790-AA6C-4C29-B631-20BE00A10D3A}.Debug|iPhone.Build.0 = Debug|Any CPU
		{951D0790-AA6C-4C29-B631-20BE00A10D3A}.Debug|iPhone.Deploy.0 = Debug|Any CPU
		{951D0790-AA6C-4C29-B631-20BE00A10D3A}.Debug|iPhoneSimulator.ActiveCfg = Debug|Any CPU
		{951D0790-AA6C-4C29-B631-20BE00A10D3A}.Debug|iPhoneSimulator.Build.0 = Debug|Any CPU
		{951D0790-AA6C-4C29-B631-20BE00A10D3A}.Debug|iPhoneSimulator.Deploy.0 = Debug|Any CPU
		{951D0790-AA6C-4C29-B631-20BE00A10D3A}.Debug|x64.ActiveCfg = Debug|Any CPU
		{951D0790-AA6C-4C29-B631-20BE00A10D3A}.Debug|x64.Build.0 = Debug|Any CPU
		{951D0790-AA6C-4C29-B631-20BE00A10D3A}.Debug|x64.Deploy.0 = Debug|Any CPU
		{951D0790-AA6C-4C29-B631-20BE00A10D3A}.Debug|x86.ActiveCfg = Debug|x86
		{951D0790-AA6C-4C29-B631-20BE00A10D3A}.Debug|x86.Build.0 = Debug|x86
		{951D0790-AA6C-4C29-B631-20BE00A10D3A}.Debug|x86.Deploy.0 = Debug|x86
		{951D0790-AA6C-4C29-B631-20BE00A10D3A}.Release|Any CPU.ActiveCfg = Release|Any CPU
		{951D0790-AA6C-4C29-B631-20BE00A10D3A}.Release|Any CPU.Build.0 = Release|Any CPU
		{951D0790-AA6C-4C29-B631-20BE00A10D3A}.Release|Any CPU.Deploy.0 = Release|Any CPU
		{951D0790-AA6C-4C29-B631-20BE00A10D3A}.Release|ARM.ActiveCfg = Release|ARM
		{951D0790-AA6C-4C29-B631-20BE00A10D3A}.Release|ARM.Build.0 = Release|ARM
		{951D0790-AA6C-4C29-B631-20BE00A10D3A}.Release|ARM.Deploy.0 = Release|ARM
		{951D0790-AA6C-4C29-B631-20BE00A10D3A}.Release|iPhone.ActiveCfg = Release|Any CPU
		{951D0790-AA6C-4C29-B631-20BE00A10D3A}.Release|iPhone.Build.0 = Release|Any CPU
		{951D0790-AA6C-4C29-B631-20BE00A10D3A}.Release|iPhone.Deploy.0 = Release|Any CPU
		{951D0790-AA6C-4C29-B631-20BE00A10D3A}.Release|iPhoneSimulator.ActiveCfg = Release|Any CPU
		{951D0790-AA6C-4C29-B631-20BE00A10D3A}.Release|iPhoneSimulator.Build.0 = Release|Any CPU
		{951D0790-AA6C-4C29-B631-20BE00A10D3A}.Release|iPhoneSimulator.Deploy.0 = Release|Any CPU
		{951D0790-AA6C-4C29-B631-20BE00A10D3A}.Release|x64.ActiveCfg = Release|Any CPU
		{951D0790-AA6C-4C29-B631-20BE00A10D3A}.Release|x64.Build.0 = Release|Any CPU
		{951D0790-AA6C-4C29-B631-20BE00A10D3A}.Release|x64.Deploy.0 = Release|Any CPU
		{951D0790-AA6C-4C29-B631-20BE00A10D3A}.Release|x86.ActiveCfg = Release|x86
		{951D0790-AA6C-4C29-B631-20BE00A10D3A}.Release|x86.Build.0 = Release|x86
		{951D0790-AA6C-4C29-B631-20BE00A10D3A}.Release|x86.Deploy.0 = Release|x86
		{E039FE0C-53A8-41CD-A86E-DC517A1959A9}.Ad-Hoc|Any CPU.ActiveCfg = Release|x86
		{E039FE0C-53A8-41CD-A86E-DC517A1959A9}.Ad-Hoc|Any CPU.Build.0 = Release|x86
		{E039FE0C-53A8-41CD-A86E-DC517A1959A9}.Ad-Hoc|Any CPU.Deploy.0 = Release|x86
		{E039FE0C-53A8-41CD-A86E-DC517A1959A9}.Ad-Hoc|ARM.ActiveCfg = Release|ARM
		{E039FE0C-53A8-41CD-A86E-DC517A1959A9}.Ad-Hoc|ARM.Build.0 = Release|ARM
		{E039FE0C-53A8-41CD-A86E-DC517A1959A9}.Ad-Hoc|ARM.Deploy.0 = Release|ARM
		{E039FE0C-53A8-41CD-A86E-DC517A1959A9}.Ad-Hoc|iPhone.ActiveCfg = Release|x86
		{E039FE0C-53A8-41CD-A86E-DC517A1959A9}.Ad-Hoc|iPhone.Build.0 = Release|x86
		{E039FE0C-53A8-41CD-A86E-DC517A1959A9}.Ad-Hoc|iPhone.Deploy.0 = Release|x86
		{E039FE0C-53A8-41CD-A86E-DC517A1959A9}.Ad-Hoc|iPhoneSimulator.ActiveCfg = Release|x86
		{E039FE0C-53A8-41CD-A86E-DC517A1959A9}.Ad-Hoc|iPhoneSimulator.Build.0 = Release|x86
		{E039FE0C-53A8-41CD-A86E-DC517A1959A9}.Ad-Hoc|iPhoneSimulator.Deploy.0 = Release|x86
		{E039FE0C-53A8-41CD-A86E-DC517A1959A9}.Ad-Hoc|x64.ActiveCfg = Release|x64
		{E039FE0C-53A8-41CD-A86E-DC517A1959A9}.Ad-Hoc|x64.Build.0 = Release|x64
		{E039FE0C-53A8-41CD-A86E-DC517A1959A9}.Ad-Hoc|x64.Deploy.0 = Release|x64
		{E039FE0C-53A8-41CD-A86E-DC517A1959A9}.Ad-Hoc|x86.ActiveCfg = Release|x86
		{E039FE0C-53A8-41CD-A86E-DC517A1959A9}.Ad-Hoc|x86.Build.0 = Release|x86
		{E039FE0C-53A8-41CD-A86E-DC517A1959A9}.Ad-Hoc|x86.Deploy.0 = Release|x86
		{E039FE0C-53A8-41CD-A86E-DC517A1959A9}.AppStore|Any CPU.ActiveCfg = Release|x86
		{E039FE0C-53A8-41CD-A86E-DC517A1959A9}.AppStore|Any CPU.Build.0 = Release|x86
		{E039FE0C-53A8-41CD-A86E-DC517A1959A9}.AppStore|Any CPU.Deploy.0 = Release|x86
		{E039FE0C-53A8-41CD-A86E-DC517A1959A9}.AppStore|ARM.ActiveCfg = Release|ARM
		{E039FE0C-53A8-41CD-A86E-DC517A1959A9}.AppStore|ARM.Build.0 = Release|ARM
		{E039FE0C-53A8-41CD-A86E-DC517A1959A9}.AppStore|ARM.Deploy.0 = Release|ARM
		{E039FE0C-53A8-41CD-A86E-DC517A1959A9}.AppStore|iPhone.ActiveCfg = Release|x86
		{E039FE0C-53A8-41CD-A86E-DC517A1959A9}.AppStore|iPhone.Build.0 = Release|x86
		{E039FE0C-53A8-41CD-A86E-DC517A1959A9}.AppStore|iPhone.Deploy.0 = Release|x86
		{E039FE0C-53A8-41CD-A86E-DC517A1959A9}.AppStore|iPhoneSimulator.ActiveCfg = Release|x86
		{E039FE0C-53A8-41CD-A86E-DC517A1959A9}.AppStore|iPhoneSimulator.Build.0 = Release|x86
		{E039FE0C-53A8-41CD-A86E-DC517A1959A9}.AppStore|iPhoneSimulator.Deploy.0 = Release|x86
		{E039FE0C-53A8-41CD-A86E-DC517A1959A9}.AppStore|x64.ActiveCfg = Release|x64
		{E039FE0C-53A8-41CD-A86E-DC517A1959A9}.AppStore|x64.Build.0 = Release|x64
		{E039FE0C-53A8-41CD-A86E-DC517A1959A9}.AppStore|x64.Deploy.0 = Release|x64
		{E039FE0C-53A8-41CD-A86E-DC517A1959A9}.AppStore|x86.ActiveCfg = Release|x86
		{E039FE0C-53A8-41CD-A86E-DC517A1959A9}.AppStore|x86.Build.0 = Release|x86
		{E039FE0C-53A8-41CD-A86E-DC517A1959A9}.AppStore|x86.Deploy.0 = Release|x86
		{E039FE0C-53A8-41CD-A86E-DC517A1959A9}.Debug|Any CPU.ActiveCfg = Debug|x86
		{E039FE0C-53A8-41CD-A86E-DC517A1959A9}.Debug|ARM.ActiveCfg = Debug|ARM
		{E039FE0C-53A8-41CD-A86E-DC517A1959A9}.Debug|ARM.Build.0 = Debug|ARM
		{E039FE0C-53A8-41CD-A86E-DC517A1959A9}.Debug|ARM.Deploy.0 = Debug|ARM
		{E039FE0C-53A8-41CD-A86E-DC517A1959A9}.Debug|iPhone.ActiveCfg = Debug|x86
		{E039FE0C-53A8-41CD-A86E-DC517A1959A9}.Debug|iPhoneSimulator.ActiveCfg = Debug|x86
		{E039FE0C-53A8-41CD-A86E-DC517A1959A9}.Debug|x64.ActiveCfg = Debug|x64
		{E039FE0C-53A8-41CD-A86E-DC517A1959A9}.Debug|x64.Build.0 = Debug|x64
		{E039FE0C-53A8-41CD-A86E-DC517A1959A9}.Debug|x64.Deploy.0 = Debug|x64
		{E039FE0C-53A8-41CD-A86E-DC517A1959A9}.Debug|x86.ActiveCfg = Debug|x86
		{E039FE0C-53A8-41CD-A86E-DC517A1959A9}.Debug|x86.Build.0 = Debug|x86
		{E039FE0C-53A8-41CD-A86E-DC517A1959A9}.Debug|x86.Deploy.0 = Debug|x86
		{E039FE0C-53A8-41CD-A86E-DC517A1959A9}.Release|Any CPU.ActiveCfg = Release|x86
		{E039FE0C-53A8-41CD-A86E-DC517A1959A9}.Release|ARM.ActiveCfg = Release|ARM
		{E039FE0C-53A8-41CD-A86E-DC517A1959A9}.Release|ARM.Build.0 = Release|ARM
		{E039FE0C-53A8-41CD-A86E-DC517A1959A9}.Release|ARM.Deploy.0 = Release|ARM
		{E039FE0C-53A8-41CD-A86E-DC517A1959A9}.Release|iPhone.ActiveCfg = Release|x86
		{E039FE0C-53A8-41CD-A86E-DC517A1959A9}.Release|iPhoneSimulator.ActiveCfg = Release|x86
		{E039FE0C-53A8-41CD-A86E-DC517A1959A9}.Release|x64.ActiveCfg = Release|x64
		{E039FE0C-53A8-41CD-A86E-DC517A1959A9}.Release|x64.Build.0 = Release|x64
		{E039FE0C-53A8-41CD-A86E-DC517A1959A9}.Release|x64.Deploy.0 = Release|x64
		{E039FE0C-53A8-41CD-A86E-DC517A1959A9}.Release|x86.ActiveCfg = Release|x86
		{E039FE0C-53A8-41CD-A86E-DC517A1959A9}.Release|x86.Build.0 = Release|x86
		{E039FE0C-53A8-41CD-A86E-DC517A1959A9}.Release|x86.Deploy.0 = Release|x86
		{532DD750-34DF-41AA-A396-2010889B2AAE}.Ad-Hoc|Any CPU.ActiveCfg = Release|Any CPU
		{532DD750-34DF-41AA-A396-2010889B2AAE}.Ad-Hoc|Any CPU.Build.0 = Release|Any CPU
		{532DD750-34DF-41AA-A396-2010889B2AAE}.Ad-Hoc|Any CPU.Deploy.0 = Release|Any CPU
		{532DD750-34DF-41AA-A396-2010889B2AAE}.Ad-Hoc|ARM.ActiveCfg = Release|ARM
		{532DD750-34DF-41AA-A396-2010889B2AAE}.Ad-Hoc|ARM.Build.0 = Release|ARM
		{532DD750-34DF-41AA-A396-2010889B2AAE}.Ad-Hoc|ARM.Deploy.0 = Release|ARM
		{532DD750-34DF-41AA-A396-2010889B2AAE}.Ad-Hoc|iPhone.ActiveCfg = Release|Any CPU
		{532DD750-34DF-41AA-A396-2010889B2AAE}.Ad-Hoc|iPhone.Build.0 = Release|Any CPU
		{532DD750-34DF-41AA-A396-2010889B2AAE}.Ad-Hoc|iPhone.Deploy.0 = Release|Any CPU
		{532DD750-34DF-41AA-A396-2010889B2AAE}.Ad-Hoc|iPhoneSimulator.ActiveCfg = Release|Any CPU
		{532DD750-34DF-41AA-A396-2010889B2AAE}.Ad-Hoc|iPhoneSimulator.Build.0 = Release|Any CPU
		{532DD750-34DF-41AA-A396-2010889B2AAE}.Ad-Hoc|iPhoneSimulator.Deploy.0 = Release|Any CPU
		{532DD750-34DF-41AA-A396-2010889B2AAE}.Ad-Hoc|x64.ActiveCfg = Release|x64
		{532DD750-34DF-41AA-A396-2010889B2AAE}.Ad-Hoc|x64.Build.0 = Release|x64
		{532DD750-34DF-41AA-A396-2010889B2AAE}.Ad-Hoc|x64.Deploy.0 = Release|x64
		{532DD750-34DF-41AA-A396-2010889B2AAE}.Ad-Hoc|x86.ActiveCfg = Release|x86
		{532DD750-34DF-41AA-A396-2010889B2AAE}.Ad-Hoc|x86.Build.0 = Release|x86
		{532DD750-34DF-41AA-A396-2010889B2AAE}.Ad-Hoc|x86.Deploy.0 = Release|x86
		{532DD750-34DF-41AA-A396-2010889B2AAE}.AppStore|Any CPU.ActiveCfg = Release|Any CPU
		{532DD750-34DF-41AA-A396-2010889B2AAE}.AppStore|Any CPU.Build.0 = Release|Any CPU
		{532DD750-34DF-41AA-A396-2010889B2AAE}.AppStore|Any CPU.Deploy.0 = Release|Any CPU
		{532DD750-34DF-41AA-A396-2010889B2AAE}.AppStore|ARM.ActiveCfg = Release|ARM
		{532DD750-34DF-41AA-A396-2010889B2AAE}.AppStore|ARM.Build.0 = Release|ARM
		{532DD750-34DF-41AA-A396-2010889B2AAE}.AppStore|ARM.Deploy.0 = Release|ARM
		{532DD750-34DF-41AA-A396-2010889B2AAE}.AppStore|iPhone.ActiveCfg = Release|Any CPU
		{532DD750-34DF-41AA-A396-2010889B2AAE}.AppStore|iPhone.Build.0 = Release|Any CPU
		{532DD750-34DF-41AA-A396-2010889B2AAE}.AppStore|iPhone.Deploy.0 = Release|Any CPU
		{532DD750-34DF-41AA-A396-2010889B2AAE}.AppStore|iPhoneSimulator.ActiveCfg = Release|Any CPU
		{532DD750-34DF-41AA-A396-2010889B2AAE}.AppStore|iPhoneSimulator.Build.0 = Release|Any CPU
		{532DD750-34DF-41AA-A396-2010889B2AAE}.AppStore|iPhoneSimulator.Deploy.0 = Release|Any CPU
		{532DD750-34DF-41AA-A396-2010889B2AAE}.AppStore|x64.ActiveCfg = Release|x64
		{532DD750-34DF-41AA-A396-2010889B2AAE}.AppStore|x64.Build.0 = Release|x64
		{532DD750-34DF-41AA-A396-2010889B2AAE}.AppStore|x64.Deploy.0 = Release|x64
		{532DD750-34DF-41AA-A396-2010889B2AAE}.AppStore|x86.ActiveCfg = Release|x86
		{532DD750-34DF-41AA-A396-2010889B2AAE}.AppStore|x86.Build.0 = Release|x86
		{532DD750-34DF-41AA-A396-2010889B2AAE}.AppStore|x86.Deploy.0 = Release|x86
		{532DD750-34DF-41AA-A396-2010889B2AAE}.Debug|Any CPU.ActiveCfg = Debug|Any CPU
		{532DD750-34DF-41AA-A396-2010889B2AAE}.Debug|Any CPU.Build.0 = Debug|Any CPU
		{532DD750-34DF-41AA-A396-2010889B2AAE}.Debug|Any CPU.Deploy.0 = Debug|Any CPU
		{532DD750-34DF-41AA-A396-2010889B2AAE}.Debug|ARM.ActiveCfg = Debug|ARM
		{532DD750-34DF-41AA-A396-2010889B2AAE}.Debug|ARM.Build.0 = Debug|ARM
		{532DD750-34DF-41AA-A396-2010889B2AAE}.Debug|ARM.Deploy.0 = Debug|ARM
		{532DD750-34DF-41AA-A396-2010889B2AAE}.Debug|iPhone.ActiveCfg = Debug|Any CPU
		{532DD750-34DF-41AA-A396-2010889B2AAE}.Debug|iPhone.Build.0 = Debug|Any CPU
		{532DD750-34DF-41AA-A396-2010889B2AAE}.Debug|iPhone.Deploy.0 = Debug|Any CPU
		{532DD750-34DF-41AA-A396-2010889B2AAE}.Debug|iPhoneSimulator.ActiveCfg = Debug|Any CPU
		{532DD750-34DF-41AA-A396-2010889B2AAE}.Debug|iPhoneSimulator.Build.0 = Debug|Any CPU
		{532DD750-34DF-41AA-A396-2010889B2AAE}.Debug|iPhoneSimulator.Deploy.0 = Debug|Any CPU
		{532DD750-34DF-41AA-A396-2010889B2AAE}.Debug|x64.ActiveCfg = Debug|x64
		{532DD750-34DF-41AA-A396-2010889B2AAE}.Debug|x64.Build.0 = Debug|x64
		{532DD750-34DF-41AA-A396-2010889B2AAE}.Debug|x64.Deploy.0 = Debug|x64
		{532DD750-34DF-41AA-A396-2010889B2AAE}.Debug|x86.ActiveCfg = Debug|x86
		{532DD750-34DF-41AA-A396-2010889B2AAE}.Debug|x86.Build.0 = Debug|x86
		{532DD750-34DF-41AA-A396-2010889B2AAE}.Debug|x86.Deploy.0 = Debug|x86
		{532DD750-34DF-41AA-A396-2010889B2AAE}.Release|Any CPU.ActiveCfg = Release|Any CPU
		{532DD750-34DF-41AA-A396-2010889B2AAE}.Release|Any CPU.Build.0 = Release|Any CPU
		{532DD750-34DF-41AA-A396-2010889B2AAE}.Release|Any CPU.Deploy.0 = Release|Any CPU
		{532DD750-34DF-41AA-A396-2010889B2AAE}.Release|ARM.ActiveCfg = Release|ARM
		{532DD750-34DF-41AA-A396-2010889B2AAE}.Release|ARM.Build.0 = Release|ARM
		{532DD750-34DF-41AA-A396-2010889B2AAE}.Release|ARM.Deploy.0 = Release|ARM
		{532DD750-34DF-41AA-A396-2010889B2AAE}.Release|iPhone.ActiveCfg = Release|Any CPU
		{532DD750-34DF-41AA-A396-2010889B2AAE}.Release|iPhone.Build.0 = Release|Any CPU
		{532DD750-34DF-41AA-A396-2010889B2AAE}.Release|iPhone.Deploy.0 = Release|Any CPU
		{532DD750-34DF-41AA-A396-2010889B2AAE}.Release|iPhoneSimulator.ActiveCfg = Release|Any CPU
		{532DD750-34DF-41AA-A396-2010889B2AAE}.Release|iPhoneSimulator.Build.0 = Release|Any CPU
		{532DD750-34DF-41AA-A396-2010889B2AAE}.Release|iPhoneSimulator.Deploy.0 = Release|Any CPU
		{532DD750-34DF-41AA-A396-2010889B2AAE}.Release|x64.ActiveCfg = Release|x64
		{532DD750-34DF-41AA-A396-2010889B2AAE}.Release|x64.Build.0 = Release|x64
		{532DD750-34DF-41AA-A396-2010889B2AAE}.Release|x64.Deploy.0 = Release|x64
		{532DD750-34DF-41AA-A396-2010889B2AAE}.Release|x86.ActiveCfg = Release|x86
		{532DD750-34DF-41AA-A396-2010889B2AAE}.Release|x86.Build.0 = Release|x86
		{532DD750-34DF-41AA-A396-2010889B2AAE}.Release|x86.Deploy.0 = Release|x86
	EndGlobalSection
	GlobalSection(SolutionProperties) = preSolution
		HideSolutionNode = FALSE
	EndGlobalSection
EndGlobal
